
Microsoft Visual Studio Solution File, Format Version 12.00
# Visual Studio Version 17
VisualStudioVersion = 17.2.32616.157
MinimumVisualStudioVersion = 10.0.40219.1
Project("{FAE04EC0-301F-11D3-BF4B-00C04F79EFBC}") = "eart_keycloak_microservice", "eart_keycloak_microservice\eart_keycloak_microservice.csproj", "{B8C65B52-789E-4EE9-AED9-0FEA290C840D}"
EndProject
Global
	GlobalSection(SolutionConfigurationPlatforms) = preSolution
		Debug|Any CPU = Debug|Any CPU
		Release|Any CPU = Release|Any CPU
	EndGlobalSection
	GlobalSection(ProjectConfigurationPlatforms) = postSolution
		{B8C65B52-789E-4EE9-AED9-0FEA290C840D}.Debug|Any CPU.ActiveCfg = Debug|Any CPU
		{B8C65B52-789E-4EE9-AED9-0FEA290C840D}.Debug|Any CPU.Build.0 = Debug|Any CPU
		{B8C65B52-789E-4EE9-AED9-0FEA290C840D}.Release|Any CPU.ActiveCfg = Release|Any CPU
		{B8C65B52-789E-4EE9-AED9-0FEA290C840D}.Release|Any CPU.Build.0 = Release|Any CPU
	EndGlobalSection
	GlobalSection(SolutionProperties) = preSolution
		HideSolutionNode = FALSE
	EndGlobalSection
	GlobalSection(ExtensibilityGlobals) = postSolution
		SolutionGuid = {B232D031-4DF3-4A5E-8214-CAA5A100B86F}
	EndGlobalSection
EndGlobal
