
Microsoft Visual Studio Solution File, Format Version 12.00
# Visual Studio Version 16
VisualStudioVersion = 16.0.31205.134
MinimumVisualStudioVersion = 10.0.40219.1
Project("{9A19103F-16F7-4668-BE54-9A1E7A4F7556}") = "Application", "eArtRegister.API\src\Application\Application.csproj", "{07F2C237-4247-4EEB-B9E5-22B29ABD6B70}"
EndProject
Project("{9A19103F-16F7-4668-BE54-9A1E7A4F7556}") = "Domain", "eArtRegister.API\src\Domain\Domain.csproj", "{4309AD36-2852-4923-8BF1-80B10A94E6A3}"
EndProject
Project("{9A19103F-16F7-4668-BE54-9A1E7A4F7556}") = "Infrastructure", "eArtRegister.API\src\Infrastructure\Infrastructure.csproj", "{717A3C20-EC12-4C42-BCA8-BA3BE8DCBC7D}"
EndProject
Project("{2150E333-8FDC-42A3-9474-1A3956D46DE8}") = "src", "src", "{17AABD3C-DB39-4063-842F-2FBDFF8B47BD}"
EndProject
Project("{9A19103F-16F7-4668-BE54-9A1E7A4F7556}") = "WebApi", "eArtRegister.API\src\WebApi\WebApi.csproj", "{AEDA9DCF-6E0B-496D-A3BF-B04A9A380F6F}"
EndProject
Project("{FAE04EC0-301F-11D3-BF4B-00C04F79EFBC}") = "NethereumAccess", "eArtRegister.API\src\NethereumAccess\NethereumAccess.csproj", "{EA0B8CE0-FE73-43C8-9BBD-44D8E4AA49AB}"
EndProject
Global
	GlobalSection(SolutionConfigurationPlatforms) = preSolution
		Debug|Any CPU = Debug|Any CPU
		Release|Any CPU = Release|Any CPU
	EndGlobalSection
	GlobalSection(ProjectConfigurationPlatforms) = postSolution
		{07F2C237-4247-4EEB-B9E5-22B29ABD6B70}.Debug|Any CPU.ActiveCfg = Debug|Any CPU
		{07F2C237-4247-4EEB-B9E5-22B29ABD6B70}.Debug|Any CPU.Build.0 = Debug|Any CPU
		{07F2C237-4247-4EEB-B9E5-22B29ABD6B70}.Release|Any CPU.ActiveCfg = Release|Any CPU
		{07F2C237-4247-4EEB-B9E5-22B29ABD6B70}.Release|Any CPU.Build.0 = Release|Any CPU
		{4309AD36-2852-4923-8BF1-80B10A94E6A3}.Debug|Any CPU.ActiveCfg = Debug|Any CPU
		{4309AD36-2852-4923-8BF1-80B10A94E6A3}.Debug|Any CPU.Build.0 = Debug|Any CPU
		{4309AD36-2852-4923-8BF1-80B10A94E6A3}.Release|Any CPU.ActiveCfg = Release|Any CPU
		{4309AD36-2852-4923-8BF1-80B10A94E6A3}.Release|Any CPU.Build.0 = Release|Any CPU
		{717A3C20-EC12-4C42-BCA8-BA3BE8DCBC7D}.Debug|Any CPU.ActiveCfg = Debug|Any CPU
		{717A3C20-EC12-4C42-BCA8-BA3BE8DCBC7D}.Debug|Any CPU.Build.0 = Debug|Any CPU
		{717A3C20-EC12-4C42-BCA8-BA3BE8DCBC7D}.Release|Any CPU.ActiveCfg = Release|Any CPU
		{717A3C20-EC12-4C42-BCA8-BA3BE8DCBC7D}.Release|Any CPU.Build.0 = Release|Any CPU
		{AEDA9DCF-6E0B-496D-A3BF-B04A9A380F6F}.Debug|Any CPU.ActiveCfg = Debug|Any CPU
		{AEDA9DCF-6E0B-496D-A3BF-B04A9A380F6F}.Debug|Any CPU.Build.0 = Debug|Any CPU
		{AEDA9DCF-6E0B-496D-A3BF-B04A9A380F6F}.Release|Any CPU.ActiveCfg = Release|Any CPU
		{AEDA9DCF-6E0B-496D-A3BF-B04A9A380F6F}.Release|Any CPU.Build.0 = Release|Any CPU
		{EA0B8CE0-FE73-43C8-9BBD-44D8E4AA49AB}.Debug|Any CPU.ActiveCfg = Debug|Any CPU
		{EA0B8CE0-FE73-43C8-9BBD-44D8E4AA49AB}.Debug|Any CPU.Build.0 = Debug|Any CPU
		{EA0B8CE0-FE73-43C8-9BBD-44D8E4AA49AB}.Release|Any CPU.ActiveCfg = Release|Any CPU
		{EA0B8CE0-FE73-43C8-9BBD-44D8E4AA49AB}.Release|Any CPU.Build.0 = Release|Any CPU
	EndGlobalSection
	GlobalSection(SolutionProperties) = preSolution
		HideSolutionNode = FALSE
	EndGlobalSection
	GlobalSection(NestedProjects) = preSolution
		{07F2C237-4247-4EEB-B9E5-22B29ABD6B70} = {17AABD3C-DB39-4063-842F-2FBDFF8B47BD}
		{4309AD36-2852-4923-8BF1-80B10A94E6A3} = {17AABD3C-DB39-4063-842F-2FBDFF8B47BD}
		{717A3C20-EC12-4C42-BCA8-BA3BE8DCBC7D} = {17AABD3C-DB39-4063-842F-2FBDFF8B47BD}
		{AEDA9DCF-6E0B-496D-A3BF-B04A9A380F6F} = {17AABD3C-DB39-4063-842F-2FBDFF8B47BD}
		{EA0B8CE0-FE73-43C8-9BBD-44D8E4AA49AB} = {17AABD3C-DB39-4063-842F-2FBDFF8B47BD}
	EndGlobalSection
	GlobalSection(ExtensibilityGlobals) = postSolution
		SolutionGuid = {3BCDD2D5-C5A1-4341-A729-34F05C6449A3}
	EndGlobalSection
EndGlobal
